PODS:
  - MBAppKit/Core (1.0.0):
    - RFAlpha/RFSwizzle
    - RFKit (~> 2.0)
  - MBAppKit/Input (1.0.0):
    - MBAppKit/Core
    - RFDelegateChain/UITextFieldDelegate
    - RFInitializing
    - RFKit/Category/UIResponder
    - RFKit/RFGeometry
  - RFAlpha/RFBlockSelectorPerform (0.7.2)
  - RFAlpha/RFButton (0.7.2):
    - RFInitializing (>= 1.1)
    - RFKit/Runtime (>= 1.7.1)
  - RFAlpha/RFCallbackControl (0.7.2):
    - RFKit/Category/NSArray
    - RFKit/Runtime (>= 1.7.1)
  - RFAlpha/RFContainerView (0.7.2):
    - RFInitializing (>= 1.1)
    - RFKit/Category/UIView
    - RFKit/Category/UIViewController
    - RFKit/Runtime (>= 1.7.1)
  - RFAlpha/RFDrawImage (0.7.2):
    - RFKit/Runtime (>= 1.7.1)
  - RFAlpha/RFImageCropper (0.7.2):
    - RFInitializing (>= 1.1)
    - RFKit/Category/UIColor
    - RFKit/Category/UIImage
    - RFKit/Category/UIView
    - "RFKit/Category/UIView+RFAnimate"
    - RFKit/Runtime (>= 1.7.1)
  - RFAlpha/RFKVOWrapper (0.7.2):
    - RFKit/Runtime (>= 1.7.1)
  - RFAlpha/RFNavigationController (0.7.2):
    - RFAlpha/RFTransitioning/NavigationControllerTransition
    - RFKit/Category/NSError
    - RFKit/Category/UIView
    - "RFKit/Category/UIView+RFAnimate"
    - RFKit/Runtime (>= 1.7.1)
  - RFAlpha/RFRefreshControl (0.7.2):
    - RFKit/Runtime (>= 1.7.1)
  - RFAlpha/RFSwizzle (0.7.2):
    - RFKit/Runtime (>= 1.7.1)
  - RFAlpha/RFTableViewPullToFetchPlugin (0.7.2):
    - RFAlpha/RFKVOWrapper
    - RFDelegateChain/Chain
    - RFKit/Category/UIView
    - "RFKit/Category/UIView+RFAnimate"
  - RFAlpha/RFTimer (0.7.2)
  - RFAlpha/RFTransitioning/Core (0.7.2):
    - RFInitializing (>= 1.1)
    - RFKit/Runtime (>= 1.7.1)
  - RFAlpha/RFTransitioning/NavigationControllerTransition (0.7.2):
    - RFAlpha/RFTransitioning/Core
    - RFDelegateChain/Chain
  - RFAlpha/RFViewApperance/RFDrawView (0.7.2):
    - RFInitializing (>= 1.1)
    - RFKit/Runtime (>= 1.7.1)
  - RFAlpha/RFViewApperance/RFLine (0.7.2):
    - RFAlpha/RFViewApperance/RFDrawView
  - RFAlpha/RFWindow (0.7.2):
    - RFInitializing (>= 1.1)
  - RFDelegateChain/Chain (2.1.0):
    - RFInitializing (>= 1.1)
    - RFKit/Runtime (>= 1.7.1)
  - RFDelegateChain/UITextFieldDelegate (2.1.0):
    - RFDelegateChain/Chain
  - RFDelegateChain/UITextViewDelegate (2.1.0):
    - RFDelegateChain/Chain
  - RFInitializing (1.3.0)
  - RFKeyboard (0.3.0):
    - RFKit/Runtime (>= 1.7)
  - RFKit (2.5.1):
    - RFKit/Default (= 2.5.1)
  - RFKit/Category/Default (2.5.1):
    - RFKit/Category/NSArray
    - RFKit/Category/NSBundle
    - RFKit/Category/NSDictionary
    - RFKit/Category/NSError
    - RFKit/Category/NSObject
    - RFKit/Category/NSString
    - RFKit/Category/UIButton
    - RFKit/Category/UIColor
    - RFKit/Category/UIDevice
    - RFKit/Category/UIImage
    - RFKit/Category/UINavigationController
    - RFKit/Category/UIResponder
    - RFKit/Category/UIStoryboard
    - RFKit/Category/UITableView
    - RFKit/Category/UIView
    - "RFKit/Category/UIView+RFAnimate"
    - RFKit/Category/UIViewController
  - RFKit/Category/NSArray (2.5.1):
    - RFKit/Foundation
  - RFKit/Category/NSBundle (2.5.1):
    - RFKit/Foundation
  - RFKit/Category/NSDate (2.5.1):
    - RFKit/Foundation
  - RFKit/Category/NSDateFormatter (2.5.1):
    - RFKit/Foundation
  - RFKit/Category/NSDictionary (2.5.1):
    - RFKit/Category/NSObject
    - RFKit/Foundation
  - RFKit/Category/NSError (2.5.1):
    - RFKit/Foundation
  - RFKit/Category/NSFileManager (2.5.1):
    - RFKit/Foundation
    - RFKit/Runtime
  - RFKit/Category/NSObject (2.5.1):
    - RFKit/Foundation
    - RFKit/Runtime
  - RFKit/Category/NSString (2.5.1):
    - RFKit/Foundation
    - RFKit/Runtime
  - RFKit/Category/UIButton (2.5.1):
    - RFKit/Foundation
  - RFKit/Category/UIColor (2.5.1):
    - RFKit/Foundation
  - RFKit/Category/UIDevice (2.5.1):
    - RFKit/Foundation
    - RFKit/Runtime
  - RFKit/Category/UIImage (2.5.1):
    - RFKit/Foundation
    - RFKit/RFGeometry
  - RFKit/Category/UINavigationController (2.5.1):
    - RFKit/Category/NSArray
    - RFKit/Foundation
  - RFKit/Category/UIResponder (2.5.1):
    - RFKit/Foundation
    - RFKit/Runtime
  - "RFKit/Category/UIScrollView+RFScrolling (2.5.1)":
    - RFKit/Foundation
  - RFKit/Category/UIStoryboard (2.5.1):
    - RFKit/Foundation
  - RFKit/Category/UITableView (2.5.1):
    - "RFKit/Category/UIView+RFAnimate"
    - RFKit/Foundation
  - RFKit/Category/UIView (2.5.1):
    - RFKit/Category/UIResponder
    - RFKit/Foundation
    - RFKit/RFGeometry
  - "RFKit/Category/UIView+RFAnimate (2.5.1)":
    - RFKit/Foundation
    - RFKit/Runtime
  - RFKit/Category/UIViewController (2.5.1):
    - RFKit/Foundation
  - RFKit/Default (2.5.1):
    - RFKit/Category/Default
    - RFKit/RFGeometry
    - RFKit/Runtime
  - RFKit/Foundation (2.5.1)
  - RFKit/RFGeometry (2.5.1):
    - RFKit/Runtime
  - RFKit/Runtime (2.5.1):
    - RFKit/Foundation
  - RFSegue/Async (4.1.0):
    - RFSegue/Core
  - RFSegue/Core (4.1.0):
    - RFKit/Category/UIDevice
    - RFKit/Category/UINavigationController
    - RFKit/Runtime (>= 1.7)

DEPENDENCIES:
  - MBAppKit/Input (from `Frameworks/MBAppKit`)
  - RFAlpha/RFBlockSelectorPerform
  - RFAlpha/RFButton
  - RFAlpha/RFCallbackControl
  - RFAlpha/RFContainerView
  - RFAlpha/RFDrawImage
  - RFAlpha/RFImageCropper
  - RFAlpha/RFNavigationController
  - RFAlpha/RFRefreshControl
  - RFAlpha/RFTableViewPullToFetchPlugin
  - RFAlpha/RFTimer
  - RFAlpha/RFViewApperance/RFLine
  - RFAlpha/RFWindow
  - RFDelegateChain/UITextFieldDelegate
  - RFDelegateChain/UITextViewDelegate
  - RFKeyboard
  - RFKit/Category/NSDate
  - RFKit/Category/NSDateFormatter
  - RFKit/Category/NSFileManager
  - "RFKit/Category/UIScrollView+RFScrolling"
  - RFSegue/Async

SPEC REPOS:
  trunk:
    - RFAlpha
    - RFDelegateChain
    - RFInitializing
    - RFKeyboard
    - RFKit
    - RFSegue

EXTERNAL SOURCES:
  MBAppKit:
    :path: Frameworks/MBAppKit

SPEC CHECKSUMS:
  MBAppKit: 16c86619a88d2c6fe84c3a9a3f61c03c6014700f
  RFAlpha: b903f1725ccadee2226ab34fd0b9009cffa364d2
  RFDelegateChain: c6df4faf9932f86d9539a08d0aa8f9709025d874
  RFInitializing: 6f3d8149e68ed0a4460fbe5d89608a52f663978f
  RFKeyboard: 673a594ea5d27bb597e1501858b29007f5daeff5
  RFKit: 046ed8a61c874fbb93dce7a694cfc059e8bf5d7a
  RFSegue: 32840d5876e32f192b22f41160ebfcf466a0fa3b

PODFILE CHECKSUM: a9ec546719669c9ae115a8c741388d054d621e6f

COCOAPODS: 1.12.1
