PODS:
  - AFNetworking/Reachability (4.0.1)
  - AFNetworking/Security (4.0.1)
  - AFNetworking/Serialization (4.0.1)
  - Alamofire (5.6.4)
  - JSONModel (1.8.0)
  - MBAppKit/Button (0.13.0):
    - RFInitializing
    - RFKit/RFGeometry
  - MBAppKit/Core (0.13.0):
    - RFAlpha/RFSwizzle
    - RFAPI (~> 2.1.1)
    - RFKit (~> 2.0)
    - RFKit/Category/NSDate
    - RFKit/Category/NSDateFormatter
    - RFKit/Category/NSJSONSerialization
    - RFKit/Category/NSLayoutConstraint
    - RFKit/Category/NSURL
  - MBAppKit/Input (0.13.0):
    - MBAppKit/Core
    - RFDelegateChain/UITextFieldDelegate
    - RFInitializing
    - RFKit/Category/UIResponder
    - RFKit/RFGeometry
  - MBAppKit/Worker (0.13.0):
    - MBAppKit/Core
    - RFInitializing
  - RFAlpha/RFBlockSelectorPerform (0.7.2)
  - RFAlpha/RFButton (0.7.2):
    - RFInitializing (>= 1.1)
    - RFKit/Runtime (>= 1.7.1)
  - RFAlpha/RFCallbackControl (0.7.2):
    - RFKit/Category/NSArray
    - RFKit/Runtime (>= 1.7.1)
  - RFAlpha/RFContainerView (0.7.2):
    - RFInitializing (>= 1.1)
    - RFKit/Category/UIView
    - RFKit/Category/UIViewController
    - RFKit/Runtime (>= 1.7.1)
  - RFAlpha/RFDrawImage (0.7.2):
    - RFKit/Runtime (>= 1.7.1)
  - RFAlpha/RFImageCropper (0.7.2):
    - RFInitializing (>= 1.1)
    - RFKit/Category/UIColor
    - RFKit/Category/UIImage
    - RFKit/Category/UIView
    - "RFKit/Category/UIView+RFAnimate"
    - RFKit/Runtime (>= 1.7.1)
  - RFAlpha/RFKVOWrapper (0.7.2):
    - RFKit/Runtime (>= 1.7.1)
  - RFAlpha/RFNavigationController (0.7.2):
    - RFAlpha/RFTransitioning/NavigationControllerTransition
    - RFKit/Category/NSError
    - RFKit/Category/UIView
    - "RFKit/Category/UIView+RFAnimate"
    - RFKit/Runtime (>= 1.7.1)
  - RFAlpha/RFRefreshControl (0.7.2):
    - RFKit/Runtime (>= 1.7.1)
  - RFAlpha/RFSwizzle (0.7.2):
    - RFKit/Runtime (>= 1.7.1)
  - RFAlpha/RFTableViewPullToFetchPlugin (0.7.2):
    - RFAlpha/RFKVOWrapper
    - RFDelegateChain/Chain
    - RFKit/Category/UIView
    - "RFKit/Category/UIView+RFAnimate"
  - RFAlpha/RFTimer (0.7.2)
  - RFAlpha/RFTransitioning/Core (0.7.2):
    - RFInitializing (>= 1.1)
    - RFKit/Runtime (>= 1.7.1)
  - RFAlpha/RFTransitioning/NavigationControllerTransition (0.7.2):
    - RFAlpha/RFTransitioning/Core
    - RFDelegateChain/Chain
  - RFAlpha/RFViewApperance/RFDrawView (0.7.2):
    - RFInitializing (>= 1.1)
    - RFKit/Runtime (>= 1.7.1)
  - RFAlpha/RFViewApperance/RFLine (0.7.2):
    - RFAlpha/RFViewApperance/RFDrawView
  - RFAlpha/RFWindow (0.7.2):
    - RFInitializing (>= 1.1)
  - RFAPI (2.1.1):
    - RFAPI/Core (= 2.1.1)
    - RFAPI/JSONModel (= 2.1.1)
  - RFAPI/Core (2.1.1):
    - AFNetworking/Reachability (>= 2.3)
    - AFNetworking/Security (>= 2.3)
    - AFNetworking/Serialization (>= 2.3)
    - RFInitializing (>= 1.1)
    - RFKit/Runtime (> 1.7)
    - RFMessageManager/Manager (>= 0.5)
    - RFMessageManager/RFNetworkActivityMessage
  - RFAPI/JSONModel (2.1.1):
    - JSONModel
    - RFAPI/Core
  - RFDelegateChain/Chain (2.1.0):
    - RFInitializing (>= 1.1)
    - RFKit/Runtime (>= 1.7.1)
  - RFDelegateChain/UICollectionViewDataSource (2.1.0):
    - RFDelegateChain/Chain
  - RFDelegateChain/UICollectionViewDelegate (2.1.0):
    - RFDelegateChain/UIScrollViewDelegate
  - RFDelegateChain/UICollectionViewDelegateFlowLayout (2.1.0):
    - RFDelegateChain/UICollectionViewDelegate
  - RFDelegateChain/UIScrollViewDelegate (2.1.0):
    - RFDelegateChain/Chain
  - RFDelegateChain/UITextFieldDelegate (2.1.0):
    - RFDelegateChain/Chain
  - RFDelegateChain/UITextViewDelegate (2.1.0):
    - RFDelegateChain/Chain
  - RFInitializing (1.3.0)
  - RFKeyboard (0.3.0):
    - RFKit/Runtime (>= 1.7)
  - RFKit (2.5.1):
    - RFKit/Default (= 2.5.1)
  - RFKit/Category/Default (2.5.1):
    - RFKit/Category/NSArray
    - RFKit/Category/NSBundle
    - RFKit/Category/NSDictionary
    - RFKit/Category/NSError
    - RFKit/Category/NSObject
    - RFKit/Category/NSString
    - RFKit/Category/UIButton
    - RFKit/Category/UIColor
    - RFKit/Category/UIDevice
    - RFKit/Category/UIImage
    - RFKit/Category/UINavigationController
    - RFKit/Category/UIResponder
    - RFKit/Category/UIStoryboard
    - RFKit/Category/UITableView
    - RFKit/Category/UIView
    - "RFKit/Category/UIView+RFAnimate"
    - RFKit/Category/UIViewController
  - RFKit/Category/NSArray (2.5.1):
    - RFKit/Foundation
  - RFKit/Category/NSBundle (2.5.1):
    - RFKit/Foundation
  - RFKit/Category/NSDate (2.5.1):
    - RFKit/Foundation
  - RFKit/Category/NSDateFormatter (2.5.1):
    - RFKit/Foundation
  - RFKit/Category/NSDictionary (2.5.1):
    - RFKit/Category/NSObject
    - RFKit/Foundation
  - RFKit/Category/NSError (2.5.1):
    - RFKit/Foundation
  - RFKit/Category/NSFileManager (2.5.1):
    - RFKit/Foundation
    - RFKit/Runtime
  - RFKit/Category/NSJSONSerialization (2.5.1):
    - RFKit/Foundation
    - RFKit/Runtime
  - RFKit/Category/NSLayoutConstraint (2.5.1):
    - RFKit/Category/UIView
    - RFKit/Foundation
  - RFKit/Category/NSObject (2.5.1):
    - RFKit/Foundation
    - RFKit/Runtime
  - RFKit/Category/NSString (2.5.1):
    - RFKit/Foundation
    - RFKit/Runtime
  - RFKit/Category/NSURL (2.5.1):
    - RFKit/Foundation
  - RFKit/Category/UIButton (2.5.1):
    - RFKit/Foundation
  - RFKit/Category/UIColor (2.5.1):
    - RFKit/Foundation
  - RFKit/Category/UIDevice (2.5.1):
    - RFKit/Foundation
    - RFKit/Runtime
  - RFKit/Category/UIImage (2.5.1):
    - RFKit/Foundation
    - RFKit/RFGeometry
  - RFKit/Category/UINavigationController (2.5.1):
    - RFKit/Category/NSArray
    - RFKit/Foundation
  - RFKit/Category/UIResponder (2.5.1):
    - RFKit/Foundation
    - RFKit/Runtime
  - "RFKit/Category/UIScrollView+RFScrolling (2.5.1)":
    - RFKit/Foundation
  - RFKit/Category/UIStoryboard (2.5.1):
    - RFKit/Foundation
  - RFKit/Category/UITableView (2.5.1):
    - "RFKit/Category/UIView+RFAnimate"
    - RFKit/Foundation
  - RFKit/Category/UIView (2.5.1):
    - RFKit/Category/UIResponder
    - RFKit/Foundation
    - RFKit/RFGeometry
  - "RFKit/Category/UIView+RFAnimate (2.5.1)":
    - RFKit/Foundation
    - RFKit/Runtime
  - RFKit/Category/UIViewController (2.5.1):
    - RFKit/Foundation
  - RFKit/Default (2.5.1):
    - RFKit/Category/Default
    - RFKit/RFGeometry
    - RFKit/Runtime
  - RFKit/Foundation (2.5.1)
  - RFKit/RFGeometry (2.5.1):
    - RFKit/Runtime
  - RFKit/Runtime (2.5.1):
    - RFKit/Foundation
  - RFMessageManager/Manager (0.7.0):
    - RFInitializing (>= 1.1)
    - RFKit/Category/NSArray
    - RFKit/Runtime (>= 1.7)
  - RFMessageManager/RFNetworkActivityMessage (0.7.0):
    - RFMessageManager/Manager
  - RFMessageManager/SVProgressHUD (0.7.0):
    - RFMessageManager/Manager
    - RFMessageManager/RFNetworkActivityMessage
    - SVProgressHUD
  - RFSegue/Async (4.1.0):
    - RFSegue/Core
  - RFSegue/Core (4.1.0):
    - RFKit/Category/UIDevice
    - RFKit/Category/UINavigationController
    - RFKit/Runtime (>= 1.7)
  - SVProgressHUD (2.2.5)

DEPENDENCIES:
  - Alamofire
  - MBAppKit/Button (from `https://github.com/RFUI/MBAppKit.git`)
  - MBAppKit/Input (from `https://github.com/RFUI/MBAppKit.git`)
  - MBAppKit/Worker (from `https://github.com/RFUI/MBAppKit.git`)
  - RFAlpha/RFBlockSelectorPerform
  - RFAlpha/RFButton
  - RFAlpha/RFCallbackControl
  - RFAlpha/RFContainerView
  - RFAlpha/RFDrawImage
  - RFAlpha/RFImageCropper
  - RFAlpha/RFNavigationController
  - RFAlpha/RFRefreshControl
  - RFAlpha/RFTableViewPullToFetchPlugin
  - RFAlpha/RFTimer
  - RFAlpha/RFViewApperance/RFLine
  - RFAlpha/RFWindow
  - RFDelegateChain/UICollectionViewDataSource
  - RFDelegateChain/UICollectionViewDelegateFlowLayout
  - RFDelegateChain/UITextFieldDelegate
  - RFDelegateChain/UITextViewDelegate
  - RFKeyboard
  - RFKit/Category/NSFileManager
  - "RFKit/Category/UIScrollView+RFScrolling"
  - RFMessageManager/SVProgressHUD
  - RFSegue/Async

SPEC REPOS:
  trunk:
    - AFNetworking
    - Alamofire
    - JSONModel
    - RFAlpha
    - RFAPI
    - RFDelegateChain
    - RFInitializing
    - RFKeyboard
    - RFKit
    - RFMessageManager
    - RFSegue
    - SVProgressHUD

EXTERNAL SOURCES:
  MBAppKit:
    :git: https://github.com/RFUI/MBAppKit.git

CHECKOUT OPTIONS:
  MBAppKit:
    :commit: f67ccd08ceed9ffe0194f83c55e4a68124ee47f1
    :git: https://github.com/RFUI/MBAppKit.git

SPEC CHECKSUMS:
  AFNetworking: 3bd23d814e976cd148d7d44c3ab78017b744cd58
  Alamofire: 4e95d97098eacb88856099c4fc79b526a299e48c
  JSONModel: 02ab723958366a3fd27da57ea2af2113658762e9
  MBAppKit: be40a93b7463347c6b12c11ccee79cfa89c18e64
  RFAlpha: b903f1725ccadee2226ab34fd0b9009cffa364d2
  RFAPI: 3cba472523c4301b4a0c44b1b3dcbe5707d21372
  RFDelegateChain: c6df4faf9932f86d9539a08d0aa8f9709025d874
  RFInitializing: 6f3d8149e68ed0a4460fbe5d89608a52f663978f
  RFKeyboard: 673a594ea5d27bb597e1501858b29007f5daeff5
  RFKit: 046ed8a61c874fbb93dce7a694cfc059e8bf5d7a
  RFMessageManager: e261b12146e083989df83106304fbface62705b5
  RFSegue: 32840d5876e32f192b22f41160ebfcf466a0fa3b
  SVProgressHUD: 1428aafac632c1f86f62aa4243ec12008d7a51d6

PODFILE CHECKSUM: a5262c72b7819320f2dc1e96b4e0348462fdb838

COCOAPODS: 1.12.0
