{
  "object": {
    "pins": [
      {
        "package": "B9Action",
        "repositoryURL": "https://github.com/b9swift/Action.git",
        "state": {
          "branch": null,
          "revision": "32ccacba992b921e304438ca6d6cfa20fef6e840",
          "version": "1.1.0"
        }
      },
      {
        "package": "B9MulticastDelegate",
        "repositoryURL": "https://github.com/b9swift/MulticastDelegate.git",
        "state": {
          "branch": null,
          "revision": "38b3a2243036ac01053ed1894e625755c20196a0",
          "version": "1.1.1"
        }
      }
    ]
  },
  "version": 1
}
